// !$*UTF8*$!
{
	archiveVersion = 1;
	classes = {
	};
	objectVersion = 50;
	objects = {

/* Begin PBXBuildFile section */
		666135A320A4BAF2006FF226 /* collisionmask.cpp in Sources */ = {isa = PBXBuildFile; fileRef = 666135A120A4BAF2006FF226 /* collisionmask.cpp */; };
		6680368C2075BBF000AA7848 /* ResourcePath.mm in Sources */ = {isa = PBXBuildFile; fileRef = 6680368B2075BBF000AA7848 /* ResourcePath.mm */; };
		6680368F2075BBF000AA7848 /* main.cpp in Sources */ = {isa = PBXBuildFile; fileRef = 6680368E2075BBF000AA7848 /* main.cpp */; };
		668036982075BBF000AA7848 /* icon.png in Resources */ = {isa = PBXBuildFile; fileRef = 668036972075BBF000AA7848 /* icon.png */; };
		66D205C42096810400F71265 /* cool.png in Resources */ = {isa = PBXBuildFile; fileRef = 66D205C32096810300F71265 /* cool.png */; };
		66D205C720969BAF00F71265 /* screen.cpp in Sources */ = {isa = PBXBuildFile; fileRef = 66D205C520969BAF00F71265 /* screen.cpp */; };
		66E2157C20F5B9B90050F2DA /* ship.cpp in Sources */ = {isa = PBXBuildFile; fileRef = 66E2157A20F5B9B90050F2DA /* ship.cpp */; };
		66E2157E20F5BCCD0050F2DA /* car.png in Resources */ = {isa = PBXBuildFile; fileRef = 66E2157D20F5BCCD0050F2DA /* car.png */; };
/* End PBXBuildFile section */

/* Begin PBXFileReference section */
		666135A120A4BAF2006FF226 /* collisionmask.cpp */ = {isa = PBXFileReference; lastKnownFileType = sourcecode.cpp.cpp; path = collisionmask.cpp; sourceTree = "<group>"; };
		666135A220A4BAF2006FF226 /* collisionmask.hpp */ = {isa = PBXFileReference; lastKnownFileType = sourcecode.cpp.h; path = collisionmask.hpp; sourceTree = "<group>"; };
		668036862075BBF000AA7848 /* Space Fighting.app */ = {isa = PBXFileReference; explicitFileType = wrapper.application; includeInIndex = 0; path = "Space Fighting.app"; sourceTree = BUILT_PRODUCTS_DIR; };
		6680368A2075BBF000AA7848 /* Space Fighting-Info.plist */ = {isa = PBXFileReference; lastKnownFileType = text.plist.xml; path = "Space Fighting-Info.plist"; sourceTree = "<group>"; };
		6680368B2075BBF000AA7848 /* ResourcePath.mm */ = {isa = PBXFileReference; lastKnownFileType = sourcecode.cpp.objcpp; path = ResourcePath.mm; sourceTree = "<group>"; };
		6680368D2075BBF000AA7848 /* ResourcePath.hpp */ = {isa = PBXFileReference; lastKnownFileType = sourcecode.cpp.h; path = ResourcePath.hpp; sourceTree = "<group>"; };
		6680368E2075BBF000AA7848 /* main.cpp */ = {isa = PBXFileReference; lastKnownFileType = sourcecode.cpp.cpp; path = main.cpp; sourceTree = "<group>"; };
		668036972075BBF000AA7848 /* icon.png */ = {isa = PBXFileReference; lastKnownFileType = image.png; path = icon.png; sourceTree = "<group>"; };
		66D205C32096810300F71265 /* cool.png */ = {isa = PBXFileReference; lastKnownFileType = image.png; path = cool.png; sourceTree = "<group>"; };
		66D205C520969BAF00F71265 /* screen.cpp */ = {isa = PBXFileReference; lastKnownFileType = sourcecode.cpp.cpp; path = screen.cpp; sourceTree = "<group>"; };
		66D205C620969BAF00F71265 /* screen.hpp */ = {isa = PBXFileReference; lastKnownFileType = sourcecode.cpp.h; path = screen.hpp; sourceTree = "<group>"; };
		66E2157A20F5B9B90050F2DA /* ship.cpp */ = {isa = PBXFileReference; lastKnownFileType = sourcecode.cpp.cpp; path = ship.cpp; sourceTree = "<group>"; };
		66E2157B20F5B9B90050F2DA /* ship.hpp */ = {isa = PBXFileReference; lastKnownFileType = sourcecode.cpp.h; path = ship.hpp; sourceTree = "<group>"; };
		66E2157D20F5BCCD0050F2DA /* car.png */ = {isa = PBXFileReference; lastKnownFileType = image.png; path = car.png; sourceTree = "<group>"; };
/* End PBXFileReference section */

/* Begin PBXFrameworksBuildPhase section */
		668036822075BBF000AA7848 /* Frameworks */ = {
			isa = PBXFrameworksBuildPhase;
			buildActionMask = 2147483647;
			files = (
			);
			runOnlyForDeploymentPostprocessing = 0;
		};
/* End PBXFrameworksBuildPhase section */

/* Begin PBXGroup section */
		6680367C2075BBF000AA7848 = {
			isa = PBXGroup;
			children = (
				668036882075BBF000AA7848 /* Space Fighting */,
				668036872075BBF000AA7848 /* Products */,
			);
			sourceTree = "<group>";
		};
		668036872075BBF000AA7848 /* Products */ = {
			isa = PBXGroup;
			children = (
				668036862075BBF000AA7848 /* Space Fighting.app */,
			);
			name = Products;
			sourceTree = "<group>";
		};
		668036882075BBF000AA7848 /* Space Fighting */ = {
			isa = PBXGroup;
			children = (
				6680368B2075BBF000AA7848 /* ResourcePath.mm */,
				6680368D2075BBF000AA7848 /* ResourcePath.hpp */,
				6680368E2075BBF000AA7848 /* main.cpp */,
				66D205C620969BAF00F71265 /* screen.hpp */,
				66D205C520969BAF00F71265 /* screen.cpp */,
				666135A220A4BAF2006FF226 /* collisionmask.hpp */,
				666135A120A4BAF2006FF226 /* collisionmask.cpp */,
				66E2157B20F5B9B90050F2DA /* ship.hpp */,
				66E2157A20F5B9B90050F2DA /* ship.cpp */,
				668036902075BBF000AA7848 /* Resources */,
				668036892075BBF000AA7848 /* Supporting Files */,
			);
			path = "Space Fighting";
			sourceTree = "<group>";
		};
		668036892075BBF000AA7848 /* Supporting Files */ = {
			isa = PBXGroup;
			children = (
				6680368A2075BBF000AA7848 /* Space Fighting-Info.plist */,
			);
			name = "Supporting Files";
			sourceTree = "<group>";
		};
		668036902075BBF000AA7848 /* Resources */ = {
			isa = PBXGroup;
			children = (
				66E2157D20F5BCCD0050F2DA /* car.png */,
				66D205C32096810300F71265 /* cool.png */,
				668036972075BBF000AA7848 /* icon.png */,
			);
			name = Resources;
			sourceTree = "<group>";
		};
/* End PBXGroup section */

/* Begin PBXNativeTarget section */
		668036852075BBF000AA7848 /* Space Fighting */ = {
			isa = PBXNativeTarget;
			buildConfigurationList = 6680369B2075BBF000AA7848 /* Build configuration list for PBXNativeTarget "Space Fighting" */;
			buildPhases = (
				668036812075BBF000AA7848 /* Sources */,
				668036822075BBF000AA7848 /* Frameworks */,
				668036832075BBF000AA7848 /* Resources */,
				668036842075BBF000AA7848 /* ShellScript */,
			);
			buildRules = (
			);
			dependencies = (
			);
			name = "Space Fighting";
			productName = "Space Fighting";
			productReference = 668036862075BBF000AA7848 /* Space Fighting.app */;
			productType = "com.apple.product-type.application";
		};
/* End PBXNativeTarget section */

/* Begin PBXProject section */
		6680367D2075BBF000AA7848 /* Project object */ = {
			isa = PBXProject;
			attributes = {
				LastUpgradeCheck = 0940;
				ORGANIZATIONNAME = "Max Williams";
				TargetAttributes = {
					668036852075BBF000AA7848 = {
						CreatedOnToolsVersion = 9.3;
					};
				};
			};
			buildConfigurationList = 668036802075BBF000AA7848 /* Build configuration list for PBXProject "Space Fighting" */;
			compatibilityVersion = "Xcode 9.3";
			developmentRegion = en;
			hasScannedForEncodings = 0;
			knownRegions = (
				en,
			);
			mainGroup = 6680367C2075BBF000AA7848;
			productRefGroup = 668036872075BBF000AA7848 /* Products */;
			projectDirPath = "";
			projectRoot = "";
			targets = (
				668036852075BBF000AA7848 /* Space Fighting */,
			);
		};
/* End PBXProject section */

/* Begin PBXResourcesBuildPhase section */
		668036832075BBF000AA7848 /* Resources */ = {
			isa = PBXResourcesBuildPhase;
			buildActionMask = 2147483647;
			files = (
				66E2157E20F5BCCD0050F2DA /* car.png in Resources */,
				668036982075BBF000AA7848 /* icon.png in Resources */,
				66D205C42096810400F71265 /* cool.png in Resources */,
			);
			runOnlyForDeploymentPostprocessing = 0;
		};
/* End PBXResourcesBuildPhase section */

/* Begin PBXShellScriptBuildPhase section */
		668036842075BBF000AA7848 /* ShellScript */ = {
			isa = PBXShellScriptBuildPhase;
			buildActionMask = 2147483647;
			files = (
			);
			inputPaths = (
			);
			outputPaths = (
			);
			runOnlyForDeploymentPostprocessing = 0;
			shellPath = /bin/sh;
			shellScript = "# This shell script simply copies required SFML dylibs/frameworks into the application bundle frameworks folder.\n# If you're using static libraries (which is not recommended) you should remove this script from your project.\n\n# SETTINGS\nCMAKE_INSTALL_FRAMEWORK_PREFIX=\"/Library/Frameworks\"\nCMAKE_INSTALL_LIB_PREFIX=\"/usr/local/lib\"\nFRAMEWORKS_FULL_PATH=\"$BUILT_PRODUCTS_DIR/$FRAMEWORKS_FOLDER_PATH/\"\n\n# Are we building a project that uses frameworks or dylibs?\ncase \"$SFML_BINARY_TYPE\" in\n    DYLIBS)\n        frameworks=\"false\"\n        ;;\n    *)\n        frameworks=\"true\"\n        ;;\nesac\n\n# Echoes to stderr\nerror () # $* message to display\n{\n    echo $* 1>&2\n    exit 2\n}\n\nassert () # $1 is a boolean, $2...N is an error message\n{\n    if [ $# -lt 2 ]\n    then\n        error \"Internal error in assert: not enough args\"\n    fi\n\n    if [ $1 -ne 0 ]\n    then\n        shift\n        error \"$*\"\n    fi\n}\n\nforce_remove () # $@ is some paths\n{\n    test $# -ge 1\n    assert $? \"force_remove() requires at least one parameter\"\n    rm -fr $@\n    assert $? \"couldn't remove $@\"\n}\n\ncopy () # $1 is a source, $2 is a destination\n{\n    test $# -eq 2\n    assert $? \"copy() requires two parameters\"\n    ditto \"$1\" \"$2\"\n    assert $? \"couldn't copy $1 to $2\"\n}\n\nrequire () # $1 is a SFML module like 'system' or 'audio'\n{\n    dest=\"$BUILT_PRODUCTS_DIR/$FRAMEWORKS_FOLDER_PATH/\"\n\n    if [ -z \"$1\" ]\n    then\n        error \"require() requires one parameter!\"\n    else\n        # clean potentially old stuff\n        force_remove \"$dest/libsfml-$1\"*\n        force_remove \"$dest/sfml-$1.framework\"\n\n        # copy SFML libraries\n        if [ \"$frameworks\" = \"true\" ]\n        then\n            source=\"$CMAKE_INSTALL_FRAMEWORK_PREFIX/sfml-$1.framework\"\n            target=\"sfml-$1.framework\"\n        elif [ \"$SFML_LINK_DYLIBS_SUFFIX\" = \"-d\" ]\n        then\n            source=\"$CMAKE_INSTALL_LIB_PREFIX/libsfml-$1-d.dylib\"\n            target=\"`readlink $source`\"\n        else\n            source=\"$CMAKE_INSTALL_LIB_PREFIX/libsfml-$1.dylib\"\n            target=\"`readlink $source`\"\n        fi\n\n        copy \"$source\" \"$dest/$target\"\n\n        # copy extra dependencies\n        if [ \"$1\" = \"audio\" ]\n        then\n            # copy \"FLAC\" \"ogg\" \"vorbis\" \"vorbisenc\" \"vorbisfile\" \"OpenAL\" frameworks too\n            for f in \"FLAC\" \"ogg\" \"vorbis\" \"vorbisenc\" \"vorbisfile\" \"OpenAL\"\n            do\n                copy \"$CMAKE_INSTALL_FRAMEWORK_PREFIX/$f.framework\" \"$dest/$f.framework\"\n            done\n        elif [ \"$1\" = \"graphics\" ]\n        then\n            copy \"$CMAKE_INSTALL_FRAMEWORK_PREFIX/freetype.framework\" \"$dest/freetype.framework\"\n        fi\n    fi\n}\n\nif [ -n \"$SFML_SYSTEM\" ]\nthen\n    require \"system\"\nfi\n\nif [ -n \"$SFML_AUDIO\" ]\nthen\n    require \"audio\"\nfi\n\nif [ -n \"$SFML_NETWORK\" ]\nthen\n    require \"network\"\nfi\n\nif [ -n \"$SFML_WINDOW\" ]\nthen\n    require \"window\"\nfi\n\nif [ -n \"$SFML_GRAPHICS\" ]\nthen\n    require \"graphics\"\nfi\n\n                ";
		};
/* End PBXShellScriptBuildPhase section */

/* Begin PBXSourcesBuildPhase section */
		668036812075BBF000AA7848 /* Sources */ = {
			isa = PBXSourcesBuildPhase;
			buildActionMask = 2147483647;
			files = (
				6680368F2075BBF000AA7848 /* main.cpp in Sources */,
				66D205C720969BAF00F71265 /* screen.cpp in Sources */,
				666135A320A4BAF2006FF226 /* collisionmask.cpp in Sources */,
				66E2157C20F5B9B90050F2DA /* ship.cpp in Sources */,
				6680368C2075BBF000AA7848 /* ResourcePath.mm in Sources */,
			);
			runOnlyForDeploymentPostprocessing = 0;
		};
/* End PBXSourcesBuildPhase section */

/* Begin XCBuildConfiguration section */
		668036992075BBF000AA7848 /* Debug */ = {
			isa = XCBuildConfiguration;
			buildSettings = {
				CLANG_CXX_LANGUAGE_STANDARD = "c++0x";
				CLANG_CXX_LIBRARY = "libc++";
				CLANG_WARN_BLOCK_CAPTURE_AUTORELEASING = YES;
				CLANG_WARN_BOOL_CONVERSION = YES;
				CLANG_WARN_COMMA = YES;
				CLANG_WARN_CONSTANT_CONVERSION = YES;
				CLANG_WARN_DEPRECATED_OBJC_IMPLEMENTATIONS = YES;
				CLANG_WARN_EMPTY_BODY = YES;
				CLANG_WARN_ENUM_CONVERSION = YES;
				CLANG_WARN_INFINITE_RECURSION = YES;
				CLANG_WARN_INT_CONVERSION = YES;
				CLANG_WARN_NON_LITERAL_NULL_CONVERSION = YES;
				CLANG_WARN_OBJC_IMPLICIT_RETAIN_SELF = YES;
				CLANG_WARN_OBJC_LITERAL_CONVERSION = YES;
				CLANG_WARN_RANGE_LOOP_ANALYSIS = YES;
				CLANG_WARN_STRICT_PROTOTYPES = YES;
				CLANG_WARN_SUSPICIOUS_MOVE = YES;
				CLANG_WARN_UNREACHABLE_CODE = YES;
				CLANG_WARN__DUPLICATE_METHOD_MATCH = YES;
				ENABLE_STRICT_OBJC_MSGSEND = YES;
				ENABLE_TESTABILITY = YES;
				FRAMEWORK_SEARCH_PATHS = (
					/Library/Frameworks/,
					"$(inherited)",
				);
				GCC_NO_COMMON_BLOCKS = YES;
				GCC_VERSION = com.apple.compilers.llvm.clang.1_0;
				GCC_WARN_64_TO_32_BIT_CONVERSION = YES;
				GCC_WARN_ABOUT_RETURN_TYPE = YES;
				GCC_WARN_UNDECLARED_SELECTOR = YES;
				GCC_WARN_UNINITIALIZED_AUTOS = YES;
				GCC_WARN_UNUSED_FUNCTION = YES;
				GCC_WARN_UNUSED_VARIABLE = YES;
				HEADER_SEARCH_PATHS = (
					/usr/local/include/,
					"$(inherited)",
				);
				LIBRARY_SEARCH_PATHS = (
					/usr/local/lib/,
					"$(inherited)",
				);
				MACOSX_DEPLOYMENT_TARGET = 10.7;
				ONLY_ACTIVE_ARCH = YES;
				OTHER_LDFLAGS = (
					"$(inherited)",
					"$(SFML_SYSTEM)",
					"$(SFML_WINDOW)",
					"$(SFML_GRAPHICS)",
					"$(SFML_AUDIO)",
					"$(SFML_NETWORK)",
				);
				SFML_AUDIO = "$(SFML_LINK_PREFIX) sfml-audio$(SFML_LINK_SUFFIX)";
				SFML_BINARY_TYPE = FRAMEWORKS;
				SFML_GRAPHICS = "$(SFML_LINK_PREFIX) sfml-graphics$(SFML_LINK_SUFFIX)";
				SFML_LINK_DYLIBS_PREFIX = "-l";
				SFML_LINK_DYLIBS_SUFFIX = "";
				SFML_LINK_FRAMEWORKS_PREFIX = "-framework";
				SFML_LINK_FRAMEWORKS_SUFFIX = "";
				SFML_LINK_PREFIX = "$(SFML_LINK_$(SFML_BINARY_TYPE)_PREFIX)";
				SFML_LINK_SUFFIX = "$(SFML_LINK_$(SFML_BINARY_TYPE)_SUFFIX)";
				SFML_NETWORK = "$(SFML_LINK_PREFIX) sfml-network$(SFML_LINK_SUFFIX)";
				SFML_SYSTEM = "$(SFML_LINK_PREFIX) sfml-system$(SFML_LINK_SUFFIX)";
				SFML_WINDOW = "$(SFML_LINK_PREFIX) sfml-window$(SFML_LINK_SUFFIX)";
				SUPPORTED_PLATFORMS = macosx;
			};
			name = Debug;
		};
		6680369A2075BBF000AA7848 /* Release */ = {
			isa = XCBuildConfiguration;
			buildSettings = {
				CLANG_CXX_LANGUAGE_STANDARD = "c++0x";
				CLANG_CXX_LIBRARY = "libc++";
				CLANG_WARN_BLOCK_CAPTURE_AUTORELEASING = YES;
				CLANG_WARN_BOOL_CONVERSION = YES;
				CLANG_WARN_COMMA = YES;
				CLANG_WARN_CONSTANT_CONVERSION = YES;
				CLANG_WARN_DEPRECATED_OBJC_IMPLEMENTATIONS = YES;
				CLANG_WARN_EMPTY_BODY = YES;
				CLANG_WARN_ENUM_CONVERSION = YES;
				CLANG_WARN_INFINITE_RECURSION = YES;
				CLANG_WARN_INT_CONVERSION = YES;
				CLANG_WARN_NON_LITERAL_NULL_CONVERSION = YES;
				CLANG_WARN_OBJC_IMPLICIT_RETAIN_SELF = YES;
				CLANG_WARN_OBJC_LITERAL_CONVERSION = YES;
				CLANG_WARN_RANGE_LOOP_ANALYSIS = YES;
				CLANG_WARN_STRICT_PROTOTYPES = YES;
				CLANG_WARN_SUSPICIOUS_MOVE = YES;
				CLANG_WARN_UNREACHABLE_CODE = YES;
				CLANG_WARN__DUPLICATE_METHOD_MATCH = YES;
				ENABLE_STRICT_OBJC_MSGSEND = YES;
				FRAMEWORK_SEARCH_PATHS = (
					/Library/Frameworks/,
					"$(inherited)",
				);
				GCC_NO_COMMON_BLOCKS = YES;
				GCC_VERSION = com.apple.compilers.llvm.clang.1_0;
				GCC_WARN_64_TO_32_BIT_CONVERSION = YES;
				GCC_WARN_ABOUT_RETURN_TYPE = YES;
				GCC_WARN_UNDECLARED_SELECTOR = YES;
				GCC_WARN_UNINITIALIZED_AUTOS = YES;
				GCC_WARN_UNUSED_FUNCTION = YES;
				GCC_WARN_UNUSED_VARIABLE = YES;
				HEADER_SEARCH_PATHS = (
					/usr/local/include/,
					"$(inherited)",
				);
				LIBRARY_SEARCH_PATHS = (
					/usr/local/lib/,
					"$(inherited)",
				);
				MACOSX_DEPLOYMENT_TARGET = 10.7;
				OTHER_LDFLAGS = (
					"$(inherited)",
					"$(SFML_SYSTEM)",
					"$(SFML_WINDOW)",
					"$(SFML_GRAPHICS)",
					"$(SFML_AUDIO)",
					"$(SFML_NETWORK)",
				);
				SFML_AUDIO = "$(SFML_LINK_PREFIX) sfml-audio$(SFML_LINK_SUFFIX)";
				SFML_BINARY_TYPE = FRAMEWORKS;
				SFML_GRAPHICS = "$(SFML_LINK_PREFIX) sfml-graphics$(SFML_LINK_SUFFIX)";
				SFML_LINK_DYLIBS_PREFIX = "-l";
				SFML_LINK_DYLIBS_SUFFIX = "";
				SFML_LINK_FRAMEWORKS_PREFIX = "-framework";
				SFML_LINK_FRAMEWORKS_SUFFIX = "";
				SFML_LINK_PREFIX = "$(SFML_LINK_$(SFML_BINARY_TYPE)_PREFIX)";
				SFML_LINK_SUFFIX = "$(SFML_LINK_$(SFML_BINARY_TYPE)_SUFFIX)";
				SFML_NETWORK = "$(SFML_LINK_PREFIX) sfml-network$(SFML_LINK_SUFFIX)";
				SFML_SYSTEM = "$(SFML_LINK_PREFIX) sfml-system$(SFML_LINK_SUFFIX)";
				SFML_WINDOW = "$(SFML_LINK_PREFIX) sfml-window$(SFML_LINK_SUFFIX)";
				SUPPORTED_PLATFORMS = macosx;
			};
			name = Release;
		};
		6680369C2075BBF000AA7848 /* Debug */ = {
			isa = XCBuildConfiguration;
			buildSettings = {
				CLANG_ENABLE_OBJC_WEAK = YES;
				CODE_SIGN_STYLE = Automatic;
				INFOPLIST_FILE = "Space Fighting/Space Fighting-Info.plist";
				LD_RUNPATH_SEARCH_PATHS = "@loader_path/../Frameworks";
				PRODUCT_BUNDLE_IDENTIFIER = "maximile.${PRODUCT_NAME:rfc1034identifier}";
				PRODUCT_NAME = "$(TARGET_NAME)";
			};
			name = Debug;
		};
		6680369D2075BBF000AA7848 /* Release */ = {
			isa = XCBuildConfiguration;
			buildSettings = {
				CLANG_ENABLE_OBJC_WEAK = YES;
				CODE_SIGN_STYLE = Automatic;
				INFOPLIST_FILE = "Space Fighting/Space Fighting-Info.plist";
				LD_RUNPATH_SEARCH_PATHS = "@loader_path/../Frameworks";
				PRODUCT_BUNDLE_IDENTIFIER = "maximile.${PRODUCT_NAME:rfc1034identifier}";
				PRODUCT_NAME = "$(TARGET_NAME)";
			};
			name = Release;
		};
/* End XCBuildConfiguration section */

/* Begin XCConfigurationList section */
		668036802075BBF000AA7848 /* Build configuration list for PBXProject "Space Fighting" */ = {
			isa = XCConfigurationList;
			buildConfigurations = (
				668036992075BBF000AA7848 /* Debug */,
				6680369A2075BBF000AA7848 /* Release */,
			);
			defaultConfigurationIsVisible = 0;
			defaultConfigurationName = Release;
		};
		6680369B2075BBF000AA7848 /* Build configuration list for PBXNativeTarget "Space Fighting" */ = {
			isa = XCConfigurationList;
			buildConfigurations = (
				6680369C2075BBF000AA7848 /* Debug */,
				6680369D2075BBF000AA7848 /* Release */,
			);
			defaultConfigurationIsVisible = 0;
			defaultConfigurationName = Release;
		};
/* End XCConfigurationList section */
	};
	rootObject = 6680367D2075BBF000AA7848 /* Project object */;
}
